
Microsoft Visual Studio Solution File, Format Version 12.00
# Visual Studio Version 16
VisualStudioVersion = 16.0.31605.320
MinimumVisualStudioVersion = 10.0.40219.1
Project("{FAE04EC0-301F-11D3-BF4B-00C04F79EFBC}") = "ShoppingCart.API", "ShoppingCart.API\ShoppingCart.API.csproj", "{F7BD45C1-0EB8-48AF-8674-4C356C6CFD4B}"
EndProject
Project("{FAE04EC0-301F-11D3-BF4B-00C04F79EFBC}") = "ShoppingCart.Test", "ShoppingCart.Test\ShoppingCart.Test.csproj", "{6075C755-3EEE-4C1C-A785-D3930174947B}"
EndProject
Global
	GlobalSection(SolutionConfigurationPlatforms) = preSolution
		Debug|Any CPU = Debug|Any CPU
		Release|Any CPU = Release|Any CPU
	EndGlobalSection
	GlobalSection(ProjectConfigurationPlatforms) = postSolution
		{F7BD45C1-0EB8-48AF-8674-4C356C6CFD4B}.Debug|Any CPU.ActiveCfg = Debug|Any CPU
		{F7BD45C1-0EB8-48AF-8674-4C356C6CFD4B}.Debug|Any CPU.Build.0 = Debug|Any CPU
		{F7BD45C1-0EB8-48AF-8674-4C356C6CFD4B}.Release|Any CPU.ActiveCfg = Release|Any CPU
		{F7BD45C1-0EB8-48AF-8674-4C356C6CFD4B}.Release|Any CPU.Build.0 = Release|Any CPU
		{6075C755-3EEE-4C1C-A785-D3930174947B}.Debug|Any CPU.ActiveCfg = Debug|Any CPU
		{6075C755-3EEE-4C1C-A785-D3930174947B}.Debug|Any CPU.Build.0 = Debug|Any CPU
		{6075C755-3EEE-4C1C-A785-D3930174947B}.Release|Any CPU.ActiveCfg = Release|Any CPU
		{6075C755-3EEE-4C1C-A785-D3930174947B}.Release|Any CPU.Build.0 = Release|Any CPU
	EndGlobalSection
	GlobalSection(SolutionProperties) = preSolution
		HideSolutionNode = FALSE
	EndGlobalSection
	GlobalSection(ExtensibilityGlobals) = postSolution
		SolutionGuid = {087D12AB-7CE5-4BB9-A0A7-3F1788FBB865}
	EndGlobalSection
EndGlobal
